// !$*UTF8*$!
{
	archiveVersion = 1;
	classes = {
	};
	objectVersion = 48;
	objects = {

/* Begin PBXBuildFile section */
		AADAA3C520AFABC600BD119B /* simpson.c in Sources */ = {isa = PBXBuildFile; fileRef = AADAA3C420AFABC600BD119B /* simpson.c */; };
		AADAA3C920AFABF200BD119B /* main.c in Sources */ = {isa = PBXBuildFile; fileRef = AADAA3C720AFABF100BD119B /* main.c */; };
		AADAA3CA20AFABF200BD119B /* integral.c in Sources */ = {isa = PBXBuildFile; fileRef = AADAA3C820AFABF100BD119B /* integral.c */; };
/* End PBXBuildFile section */

/* Begin PBXCopyFilesBuildPhase section */
		AADAA3AD20AFAA7E00BD119B /* CopyFiles */ = {
			isa = PBXCopyFilesBuildPhase;
			buildActionMask = 2147483647;
			dstPath = /usr/share/man/man1/;
			dstSubfolderSpec = 0;
			files = (
			);
			runOnlyForDeploymentPostprocessing = 1;
		};
/* End PBXCopyFilesBuildPhase section */

/* Begin PBXFileReference section */
		AADAA3AF20AFAA7E00BD119B /* lab8 */ = {isa = PBXFileReference; explicitFileType = "compiled.mach-o.executable"; includeInIndex = 0; path = lab8; sourceTree = BUILT_PRODUCTS_DIR; };
		AADAA3C320AFABC600BD119B /* simpson.h */ = {isa = PBXFileReference; lastKnownFileType = sourcecode.c.h; path = simpson.h; sourceTree = "<group>"; };
		AADAA3C420AFABC600BD119B /* simpson.c */ = {isa = PBXFileReference; lastKnownFileType = sourcecode.c.c; path = simpson.c; sourceTree = "<group>"; };
		AADAA3C620AFABF100BD119B /* integral.h */ = {isa = PBXFileReference; fileEncoding = 4; lastKnownFileType = sourcecode.c.h; path = integral.h; sourceTree = "<group>"; };
		AADAA3C720AFABF100BD119B /* main.c */ = {isa = PBXFileReference; fileEncoding = 4; lastKnownFileType = sourcecode.c.c; path = main.c; sourceTree = "<group>"; };
		AADAA3C820AFABF100BD119B /* integral.c */ = {isa = PBXFileReference; fileEncoding = 4; lastKnownFileType = sourcecode.c.c; path = integral.c; sourceTree = "<group>"; };
/* End PBXFileReference section */

/* Begin PBXFrameworksBuildPhase section */
		AADAA3AC20AFAA7E00BD119B /* Frameworks */ = {
			isa = PBXFrameworksBuildPhase;
			buildActionMask = 2147483647;
			files = (
			);
			runOnlyForDeploymentPostprocessing = 0;
		};
/* End PBXFrameworksBuildPhase section */

/* Begin PBXGroup section */
		AADAA3A620AFAA7D00BD119B = {
			isa = PBXGroup;
			children = (
				AADAA3B120AFAA7E00BD119B /* lab8 */,
				AADAA3B020AFAA7E00BD119B /* Products */,
			);
			sourceTree = "<group>";
		};
		AADAA3B020AFAA7E00BD119B /* Products */ = {
			isa = PBXGroup;
			children = (
				AADAA3AF20AFAA7E00BD119B /* lab8 */,
			);
			name = Products;
			sourceTree = "<group>";
		};
		AADAA3B120AFAA7E00BD119B /* lab8 */ = {
			isa = PBXGroup;
			children = (
				AADAA3C820AFABF100BD119B /* integral.c */,
				AADAA3C620AFABF100BD119B /* integral.h */,
				AADAA3C720AFABF100BD119B /* main.c */,
				AADAA3C320AFABC600BD119B /* simpson.h */,
				AADAA3C420AFABC600BD119B /* simpson.c */,
			);
			path = lab8;
			sourceTree = "<group>";
		};
/* End PBXGroup section */

/* Begin PBXNativeTarget section */
		AADAA3AE20AFAA7E00BD119B /* lab8 */ = {
			isa = PBXNativeTarget;
			buildConfigurationList = AADAA3B620AFAA7E00BD119B /* Build configuration list for PBXNativeTarget "lab8" */;
			buildPhases = (
				AADAA3AB20AFAA7E00BD119B /* Sources */,
				AADAA3AC20AFAA7E00BD119B /* Frameworks */,
				AADAA3AD20AFAA7E00BD119B /* CopyFiles */,
			);
			buildRules = (
			);
			dependencies = (
			);
			name = lab8;
			productName = lab8;
			productReference = AADAA3AF20AFAA7E00BD119B /* lab8 */;
			productType = "com.apple.product-type.tool";
		};
/* End PBXNativeTarget section */

/* Begin PBXProject section */
		AADAA3A720AFAA7D00BD119B /* Project object */ = {
			isa = PBXProject;
			attributes = {
				LastUpgradeCheck = 0920;
				ORGANIZATIONNAME = "Bruna Paracat";
				TargetAttributes = {
					AADAA3AE20AFAA7E00BD119B = {
						CreatedOnToolsVersion = 9.2;
						ProvisioningStyle = Automatic;
					};
				};
			};
			buildConfigurationList = AADAA3AA20AFAA7D00BD119B /* Build configuration list for PBXProject "lab8" */;
			compatibilityVersion = "Xcode 8.0";
			developmentRegion = en;
			hasScannedForEncodings = 0;
			knownRegions = (
				en,
			);
			mainGroup = AADAA3A620AFAA7D00BD119B;
			productRefGroup = AADAA3B020AFAA7E00BD119B /* Products */;
			projectDirPath = "";
			projectRoot = "";
			targets = (
				AADAA3AE20AFAA7E00BD119B /* lab8 */,
			);
		};
/* End PBXProject section */

/* Begin PBXSourcesBuildPhase section */
		AADAA3AB20AFAA7E00BD119B /* Sources */ = {
			isa = PBXSourcesBuildPhase;
			buildActionMask = 2147483647;
			files = (
				AADAA3C920AFABF200BD119B /* main.c in Sources */,
				AADAA3C520AFABC600BD119B /* simpson.c in Sources */,
				AADAA3CA20AFABF200BD119B /* integral.c in Sources */,
			);
			runOnlyForDeploymentPostprocessing = 0;
		};
/* End PBXSourcesBuildPhase section */

/* Begin XCBuildConfiguration section */
		AADAA3B420AFAA7E00BD119B /* Debug */ = {
			isa = XCBuildConfiguration;
			buildSettings = {
				ALWAYS_SEARCH_USER_PATHS = NO;
				CLANG_ANALYZER_NONNULL = YES;
				CLANG_ANALYZER_NUMBER_OBJECT_CONVERSION = YES_AGGRESSIVE;
				CLANG_CXX_LANGUAGE_STANDARD = "gnu++14";
				CLANG_CXX_LIBRARY = "libc++";
				CLANG_ENABLE_MODULES = YES;
				CLANG_ENABLE_OBJC_ARC = YES;
				CLANG_WARN_BLOCK_CAPTURE_AUTORELEASING = YES;
				CLANG_WARN_BOOL_CONVERSION = YES;
				CLANG_WARN_COMMA = YES;
				CLANG_WARN_CONSTANT_CONVERSION = YES;
				CLANG_WARN_DIRECT_OBJC_ISA_USAGE = YES_ERROR;
				CLANG_WARN_DOCUMENTATION_COMMENTS = YES;
				CLANG_WARN_EMPTY_BODY = YES;
				CLANG_WARN_ENUM_CONVERSION = YES;
				CLANG_WARN_INFINITE_RECURSION = YES;
				CLANG_WARN_INT_CONVERSION = YES;
				CLANG_WARN_NON_LITERAL_NULL_CONVERSION = YES;
				CLANG_WARN_OBJC_LITERAL_CONVERSION = YES;
				CLANG_WARN_OBJC_ROOT_CLASS = YES_ERROR;
				CLANG_WARN_RANGE_LOOP_ANALYSIS = YES;
				CLANG_WARN_STRICT_PROTOTYPES = YES;
				CLANG_WARN_SUSPICIOUS_MOVE = YES;
				CLANG_WARN_UNGUARDED_AVAILABILITY = YES_AGGRESSIVE;
				CLANG_WARN_UNREACHABLE_CODE = YES;
				CLANG_WARN__DUPLICATE_METHOD_MATCH = YES;
				CODE_SIGN_IDENTITY = "-";
				COPY_PHASE_STRIP = NO;
				DEBUG_INFORMATION_FORMAT = dwarf;
				ENABLE_STRICT_OBJC_MSGSEND = YES;
				ENABLE_TESTABILITY = YES;
				GCC_C_LANGUAGE_STANDARD = gnu11;
				GCC_DYNAMIC_NO_PIC = NO;
				GCC_NO_COMMON_BLOCKS = YES;
				GCC_OPTIMIZATION_LEVEL = 0;
				GCC_PREPROCESSOR_DEFINITIONS = (
					"DEBUG=1",
					"$(inherited)",
				);
				GCC_WARN_64_TO_32_BIT_CONVERSION = YES;
				GCC_WARN_ABOUT_RETURN_TYPE = YES_ERROR;
				GCC_WARN_UNDECLARED_SELECTOR = YES;
				GCC_WARN_UNINITIALIZED_AUTOS = YES_AGGRESSIVE;
				GCC_WARN_UNUSED_FUNCTION = YES;
				GCC_WARN_UNUSED_VARIABLE = YES;
				MACOSX_DEPLOYMENT_TARGET = 10.13;
				MTL_ENABLE_DEBUG_INFO = YES;
				ONLY_ACTIVE_ARCH = YES;
				SDKROOT = macosx;
			};
			name = Debug;
		};
		AADAA3B520AFAA7E00BD119B /* Release */ = {
			isa = XCBuildConfiguration;
			buildSettings = {
				ALWAYS_SEARCH_USER_PATHS = NO;
				CLANG_ANALYZER_NONNULL = YES;
				CLANG_ANALYZER_NUMBER_OBJECT_CONVERSION = YES_AGGRESSIVE;
				CLANG_CXX_LANGUAGE_STANDARD = "gnu++14";
				CLANG_CXX_LIBRARY = "libc++";
				CLANG_ENABLE_MODULES = YES;
				CLANG_ENABLE_OBJC_ARC = YES;
				CLANG_WARN_BLOCK_CAPTURE_AUTORELEASING = YES;
				CLANG_WARN_BOOL_CONVERSION = YES;
				CLANG_WARN_COMMA = YES;
				CLANG_WARN_CONSTANT_CONVERSION = YES;
				CLANG_WARN_DIRECT_OBJC_ISA_USAGE = YES_ERROR;
				CLANG_WARN_DOCUMENTATION_COMMENTS = YES;
				CLANG_WARN_EMPTY_BODY = YES;
				CLANG_WARN_ENUM_CONVERSION = YES;
				CLANG_WARN_INFINITE_RECURSION = YES;
				CLANG_WARN_INT_CONVERSION = YES;
				CLANG_WARN_NON_LITERAL_NULL_CONVERSION = YES;
				CLANG_WARN_OBJC_LITERAL_CONVERSION = YES;
				CLANG_WARN_OBJC_ROOT_CLASS = YES_ERROR;
				CLANG_WARN_RANGE_LOOP_ANALYSIS = YES;
				CLANG_WARN_STRICT_PROTOTYPES = YES;
				CLANG_WARN_SUSPICIOUS_MOVE = YES;
				CLANG_WARN_UNGUARDED_AVAILABILITY = YES_AGGRESSIVE;
				CLANG_WARN_UNREACHABLE_CODE = YES;
				CLANG_WARN__DUPLICATE_METHOD_MATCH = YES;
				CODE_SIGN_IDENTITY = "-";
				COPY_PHASE_STRIP = NO;
				DEBUG_INFORMATION_FORMAT = "dwarf-with-dsym";
				ENABLE_NS_ASSERTIONS = NO;
				ENABLE_STRICT_OBJC_MSGSEND = YES;
				GCC_C_LANGUAGE_STANDARD = gnu11;
				GCC_NO_COMMON_BLOCKS = YES;
				GCC_WARN_64_TO_32_BIT_CONVERSION = YES;
				GCC_WARN_ABOUT_RETURN_TYPE = YES_ERROR;
				GCC_WARN_UNDECLARED_SELECTOR = YES;
				GCC_WARN_UNINITIALIZED_AUTOS = YES_AGGRESSIVE;
				GCC_WARN_UNUSED_FUNCTION = YES;
				GCC_WARN_UNUSED_VARIABLE = YES;
				MACOSX_DEPLOYMENT_TARGET = 10.13;
				MTL_ENABLE_DEBUG_INFO = NO;
				SDKROOT = macosx;
			};
			name = Release;
		};
		AADAA3B720AFAA7E00BD119B /* Debug */ = {
			isa = XCBuildConfiguration;
			buildSettings = {
				CODE_SIGN_STYLE = Automatic;
				PRODUCT_NAME = "$(TARGET_NAME)";
			};
			name = Debug;
		};
		AADAA3B820AFAA7E00BD119B /* Release */ = {
			isa = XCBuildConfiguration;
			buildSettings = {
				CODE_SIGN_STYLE = Automatic;
				PRODUCT_NAME = "$(TARGET_NAME)";
			};
			name = Release;
		};
/* End XCBuildConfiguration section */

/* Begin XCConfigurationList section */
		AADAA3AA20AFAA7D00BD119B /* Build configuration list for PBXProject "lab8" */ = {
			isa = XCConfigurationList;
			buildConfigurations = (
				AADAA3B420AFAA7E00BD119B /* Debug */,
				AADAA3B520AFAA7E00BD119B /* Release */,
			);
			defaultConfigurationIsVisible = 0;
			defaultConfigurationName = Release;
		};
		AADAA3B620AFAA7E00BD119B /* Build configuration list for PBXNativeTarget "lab8" */ = {
			isa = XCConfigurationList;
			buildConfigurations = (
				AADAA3B720AFAA7E00BD119B /* Debug */,
				AADAA3B820AFAA7E00BD119B /* Release */,
			);
			defaultConfigurationIsVisible = 0;
			defaultConfigurationName = Release;
		};
/* End XCConfigurationList section */
	};
	rootObject = AADAA3A720AFAA7D00BD119B /* Project object */;
}
